
Microsoft Visual Studio Solution File, Format Version 12.00
# Visual Studio 15
VisualStudioVersion = 15.0.27703.2026
MinimumVisualStudioVersion = 10.0.40219.1
Project("{FAE04EC0-301F-11D3-BF4B-00C04F79EFBC}") = "Orbital7.RapidApp", "Orbital7.RapidApp\Orbital7.RapidApp.csproj", "{37A82C72-3C86-467A-95C0-E943CBE0C82F}"
EndProject
Global
	GlobalSection(SolutionConfigurationPlatforms) = preSolution
		Debug|Any CPU = Debug|Any CPU
		Release|Any CPU = Release|Any CPU
	EndGlobalSection
	GlobalSection(ProjectConfigurationPlatforms) = postSolution
		{37A82C72-3C86-467A-95C0-E943CBE0C82F}.Debug|Any CPU.ActiveCfg = Debug|Any CPU
		{37A82C72-3C86-467A-95C0-E943CBE0C82F}.Debug|Any CPU.Build.0 = Debug|Any CPU
		{37A82C72-3C86-467A-95C0-E943CBE0C82F}.Release|Any CPU.ActiveCfg = Release|Any CPU
		{37A82C72-3C86-467A-95C0-E943CBE0C82F}.Release|Any CPU.Build.0 = Release|Any CPU
	EndGlobalSection
	GlobalSection(SolutionProperties) = preSolution
		HideSolutionNode = FALSE
	EndGlobalSection
	GlobalSection(ExtensibilityGlobals) = postSolution
		SolutionGuid = {2500457F-ED35-420F-B4A8-88C39A083B18}
	EndGlobalSection
EndGlobal
